// !$*UTF8*$!
{
	archiveVersion = 1;
	classes = {
	};
	objectVersion = 51;
	objects = {

/* Begin PBXBuildFile section */
		C84A9B5F25FE6C43000E170E /* LocalStorageService.swift in Sources */ = {isa = PBXBuildFile; fileRef = C84A9B5E25FE6C43000E170E /* LocalStorageService.swift */; };
		C8A0411E25FBED6300E63D71 /* LoginViewController.swift in Sources */ = {isa = PBXBuildFile; fileRef = C8A0411D25FBED6300E63D71 /* LoginViewController.swift */; };
		C8A0412325FBF32200E63D71 /* CreateProfileViewController.swift in Sources */ = {isa = PBXBuildFile; fileRef = C8A0412225FBF32200E63D71 /* CreateProfileViewController.swift */; };
		C8A0412625FBF93B00E63D71 /* FeedViewController.swift in Sources */ = {isa = PBXBuildFile; fileRef = C8A0412525FBF93B00E63D71 /* FeedViewController.swift */; };
		C8A0412925FBFB0400E63D71 /* CameraViewController.swift in Sources */ = {isa = PBXBuildFile; fileRef = C8A0412825FBFB0400E63D71 /* CameraViewController.swift */; };
		C8A0412C25FBFB2D00E63D71 /* SettingsViewController.swift in Sources */ = {isa = PBXBuildFile; fileRef = C8A0412B25FBFB2D00E63D71 /* SettingsViewController.swift */; };
		C8A0412F25FC413800E63D71 /* PhotoUser.swift in Sources */ = {isa = PBXBuildFile; fileRef = C8A0412E25FC413600E63D71 /* PhotoUser.swift */; };
		C8A0413225FC416F00E63D71 /* UserService.swift in Sources */ = {isa = PBXBuildFile; fileRef = C8A0413125FC416F00E63D71 /* UserService.swift */; };
		C8A0413525FC47E500E63D71 /* Constants.swift in Sources */ = {isa = PBXBuildFile; fileRef = C8A0413425FC47E500E63D71 /* Constants.swift */; };
		C8D21E5325FBDD0B001E5CAA /* AppDelegate.swift in Sources */ = {isa = PBXBuildFile; fileRef = C8D21E5225FBDD0B001E5CAA /* AppDelegate.swift */; };
		C8D21E5525FBDD0B001E5CAA /* SceneDelegate.swift in Sources */ = {isa = PBXBuildFile; fileRef = C8D21E5425FBDD0B001E5CAA /* SceneDelegate.swift */; };
		C8D21E5A25FBDD0B001E5CAA /* Main.storyboard in Resources */ = {isa = PBXBuildFile; fileRef = C8D21E5825FBDD0B001E5CAA /* Main.storyboard */; };
		C8D21E5C25FBDD0F001E5CAA /* Assets.xcassets in Resources */ = {isa = PBXBuildFile; fileRef = C8D21E5B25FBDD0F001E5CAA /* Assets.xcassets */; };
		C8D21E5F25FBDD0F001E5CAA /* LaunchScreen.storyboard in Resources */ = {isa = PBXBuildFile; fileRef = C8D21E5D25FBDD0F001E5CAA /* LaunchScreen.storyboard */; };
		C8D21E6825FBE323001E5CAA /* GoogleService-Info.plist in Resources */ = {isa = PBXBuildFile; fileRef = C8D21E6725FBE323001E5CAA /* GoogleService-Info.plist */; };
		CE1C6C0D5095B0D7235AE256 /* Pods_PhotosApp.framework in Frameworks */ = {isa = PBXBuildFile; fileRef = C563866DCC42E48ED67C01AF /* Pods_PhotosApp.framework */; };
/* End PBXBuildFile section */

/* Begin PBXFileReference section */
		10A3BFB502DAD62D2A7FEC31 /* Pods-PhotosApp.debug.xcconfig */ = {isa = PBXFileReference; includeInIndex = 1; lastKnownFileType = text.xcconfig; name = "Pods-PhotosApp.debug.xcconfig"; path = "Target Support Files/Pods-PhotosApp/Pods-PhotosApp.debug.xcconfig"; sourceTree = "<group>"; };
		C563866DCC42E48ED67C01AF /* Pods_PhotosApp.framework */ = {isa = PBXFileReference; explicitFileType = wrapper.framework; includeInIndex = 0; path = Pods_PhotosApp.framework; sourceTree = BUILT_PRODUCTS_DIR; };
		C835568579C7B56CCEAE7126 /* Pods-PhotosApp.release.xcconfig */ = {isa = PBXFileReference; includeInIndex = 1; lastKnownFileType = text.xcconfig; name = "Pods-PhotosApp.release.xcconfig"; path = "Target Support Files/Pods-PhotosApp/Pods-PhotosApp.release.xcconfig"; sourceTree = "<group>"; };
		C84A9B5E25FE6C43000E170E /* LocalStorageService.swift */ = {isa = PBXFileReference; lastKnownFileType = sourcecode.swift; path = LocalStorageService.swift; sourceTree = "<group>"; };
		C8A0411D25FBED6300E63D71 /* LoginViewController.swift */ = {isa = PBXFileReference; lastKnownFileType = sourcecode.swift; path = LoginViewController.swift; sourceTree = "<group>"; };
		C8A0412225FBF32200E63D71 /* CreateProfileViewController.swift */ = {isa = PBXFileReference; lastKnownFileType = sourcecode.swift; path = CreateProfileViewController.swift; sourceTree = "<group>"; };
		C8A0412525FBF93B00E63D71 /* FeedViewController.swift */ = {isa = PBXFileReference; lastKnownFileType = sourcecode.swift; path = FeedViewController.swift; sourceTree = "<group>"; };
		C8A0412825FBFB0400E63D71 /* CameraViewController.swift */ = {isa = PBXFileReference; lastKnownFileType = sourcecode.swift; path = CameraViewController.swift; sourceTree = "<group>"; };
		C8A0412B25FBFB2D00E63D71 /* SettingsViewController.swift */ = {isa = PBXFileReference; lastKnownFileType = sourcecode.swift; path = SettingsViewController.swift; sourceTree = "<group>"; };
		C8A0412E25FC413600E63D71 /* PhotoUser.swift */ = {isa = PBXFileReference; lastKnownFileType = sourcecode.swift; path = PhotoUser.swift; sourceTree = "<group>"; };
		C8A0413125FC416F00E63D71 /* UserService.swift */ = {isa = PBXFileReference; lastKnownFileType = sourcecode.swift; path = UserService.swift; sourceTree = "<group>"; };
		C8A0413425FC47E500E63D71 /* Constants.swift */ = {isa = PBXFileReference; lastKnownFileType = sourcecode.swift; path = Constants.swift; sourceTree = "<group>"; };
		C8D21E4F25FBDD0B001E5CAA /* PhotosApp.app */ = {isa = PBXFileReference; explicitFileType = wrapper.application; includeInIndex = 0; path = PhotosApp.app; sourceTree = BUILT_PRODUCTS_DIR; };
		C8D21E5225FBDD0B001E5CAA /* AppDelegate.swift */ = {isa = PBXFileReference; lastKnownFileType = sourcecode.swift; path = AppDelegate.swift; sourceTree = "<group>"; };
		C8D21E5425FBDD0B001E5CAA /* SceneDelegate.swift */ = {isa = PBXFileReference; lastKnownFileType = sourcecode.swift; path = SceneDelegate.swift; sourceTree = "<group>"; };
		C8D21E5925FBDD0B001E5CAA /* Base */ = {isa = PBXFileReference; lastKnownFileType = file.storyboard; name = Base; path = Base.lproj/Main.storyboard; sourceTree = "<group>"; };
		C8D21E5B25FBDD0F001E5CAA /* Assets.xcassets */ = {isa = PBXFileReference; lastKnownFileType = folder.assetcatalog; path = Assets.xcassets; sourceTree = "<group>"; };
		C8D21E5E25FBDD0F001E5CAA /* Base */ = {isa = PBXFileReference; lastKnownFileType = file.storyboard; name = Base; path = Base.lproj/LaunchScreen.storyboard; sourceTree = "<group>"; };
		C8D21E6025FBDD0F001E5CAA /* Info.plist */ = {isa = PBXFileReference; lastKnownFileType = text.plist.xml; path = Info.plist; sourceTree = "<group>"; };
		C8D21E6725FBE323001E5CAA /* GoogleService-Info.plist */ = {isa = PBXFileReference; fileEncoding = 4; lastKnownFileType = text.plist.xml; path = "GoogleService-Info.plist"; sourceTree = "<group>"; };
/* End PBXFileReference section */

/* Begin PBXFrameworksBuildPhase section */
		C8D21E4C25FBDD0B001E5CAA /* Frameworks */ = {
			isa = PBXFrameworksBuildPhase;
			buildActionMask = 2147483647;
			files = (
				CE1C6C0D5095B0D7235AE256 /* Pods_PhotosApp.framework in Frameworks */,
			);
			runOnlyForDeploymentPostprocessing = 0;
		};
/* End PBXFrameworksBuildPhase section */

/* Begin PBXGroup section */
		3583B939139E01741DFD10A8 /* Frameworks */ = {
			isa = PBXGroup;
			children = (
				C563866DCC42E48ED67C01AF /* Pods_PhotosApp.framework */,
			);
			name = Frameworks;
			sourceTree = "<group>";
		};
		4D63788FD28BF7B53D84E4B2 /* Pods */ = {
			isa = PBXGroup;
			children = (
				10A3BFB502DAD62D2A7FEC31 /* Pods-PhotosApp.debug.xcconfig */,
				C835568579C7B56CCEAE7126 /* Pods-PhotosApp.release.xcconfig */,
			);
			path = Pods;
			sourceTree = "<group>";
		};
		C8A0411725FBEC1200E63D71 /* Storyboards */ = {
			isa = PBXGroup;
			children = (
			);
			path = Storyboards;
			sourceTree = "<group>";
		};
		C8A0411825FBEC6900E63D71 /* Services */ = {
			isa = PBXGroup;
			children = (
				C8A0413125FC416F00E63D71 /* UserService.swift */,
				C84A9B5E25FE6C43000E170E /* LocalStorageService.swift */,
			);
			path = Services;
			sourceTree = "<group>";
		};
		C8A0411925FBEC7000E63D71 /* Helpers */ = {
			isa = PBXGroup;
			children = (
				C8A0413425FC47E500E63D71 /* Constants.swift */,
			);
			path = Helpers;
			sourceTree = "<group>";
		};
		C8A0411A25FBECD200E63D71 /* Views */ = {
			isa = PBXGroup;
			children = (
			);
			path = Views;
			sourceTree = "<group>";
		};
		C8A0411B25FBECD700E63D71 /* Models */ = {
			isa = PBXGroup;
			children = (
				C8A0412E25FC413600E63D71 /* PhotoUser.swift */,
			);
			path = Models;
			sourceTree = "<group>";
		};
		C8A0411C25FBECE900E63D71 /* ViewControllers */ = {
			isa = PBXGroup;
			children = (
				C8A0411D25FBED6300E63D71 /* LoginViewController.swift */,
				C8A0412225FBF32200E63D71 /* CreateProfileViewController.swift */,
				C8A0412525FBF93B00E63D71 /* FeedViewController.swift */,
				C8A0412825FBFB0400E63D71 /* CameraViewController.swift */,
				C8A0412B25FBFB2D00E63D71 /* SettingsViewController.swift */,
			);
			path = ViewControllers;
			sourceTree = "<group>";
		};
		C8D21E4625FBDD0B001E5CAA = {
			isa = PBXGroup;
			children = (
				C8D21E5125FBDD0B001E5CAA /* PhotosApp */,
				C8D21E5025FBDD0B001E5CAA /* Products */,
				4D63788FD28BF7B53D84E4B2 /* Pods */,
				3583B939139E01741DFD10A8 /* Frameworks */,
			);
			sourceTree = "<group>";
		};
		C8D21E5025FBDD0B001E5CAA /* Products */ = {
			isa = PBXGroup;
			children = (
				C8D21E4F25FBDD0B001E5CAA /* PhotosApp.app */,
			);
			name = Products;
			sourceTree = "<group>";
		};
		C8D21E5125FBDD0B001E5CAA /* PhotosApp */ = {
			isa = PBXGroup;
			children = (
				C8D21E5225FBDD0B001E5CAA /* AppDelegate.swift */,
				C8D21E5425FBDD0B001E5CAA /* SceneDelegate.swift */,
				C8D21E5825FBDD0B001E5CAA /* Main.storyboard */,
				C8D21E5D25FBDD0F001E5CAA /* LaunchScreen.storyboard */,
				C8A0411725FBEC1200E63D71 /* Storyboards */,
				C8A0411825FBEC6900E63D71 /* Services */,
				C8A0411C25FBECE900E63D71 /* ViewControllers */,
				C8A0411B25FBECD700E63D71 /* Models */,
				C8A0411A25FBECD200E63D71 /* Views */,
				C8A0411925FBEC7000E63D71 /* Helpers */,
				C8D21E5B25FBDD0F001E5CAA /* Assets.xcassets */,
				C8D21E6725FBE323001E5CAA /* GoogleService-Info.plist */,
				C8D21E6025FBDD0F001E5CAA /* Info.plist */,
			);
			path = PhotosApp;
			sourceTree = "<group>";
		};
/* End PBXGroup section */

/* Begin PBXNativeTarget section */
		C8D21E4E25FBDD0B001E5CAA /* PhotosApp */ = {
			isa = PBXNativeTarget;
			buildConfigurationList = C8D21E6325FBDD0F001E5CAA /* Build configuration list for PBXNativeTarget "PhotosApp" */;
			buildPhases = (
				41F4E8CD8F835BC02192F570 /* [CP] Check Pods Manifest.lock */,
				C8D21E4B25FBDD0B001E5CAA /* Sources */,
				C8D21E4C25FBDD0B001E5CAA /* Frameworks */,
				C8D21E4D25FBDD0B001E5CAA /* Resources */,
				20B9E6E349A80588FD1906CA /* [CP] Embed Pods Frameworks */,
				F96E2C015D26DC1ECDE37403 /* [CP] Copy Pods Resources */,
			);
			buildRules = (
			);
			dependencies = (
			);
			name = PhotosApp;
			productName = PhotosApp;
			productReference = C8D21E4F25FBDD0B001E5CAA /* PhotosApp.app */;
			productType = "com.apple.product-type.application";
		};
/* End PBXNativeTarget section */

/* Begin PBXProject section */
		C8D21E4725FBDD0B001E5CAA /* Project object */ = {
			isa = PBXProject;
			attributes = {
				LastSwiftUpdateCheck = 1230;
				LastUpgradeCheck = 1230;
				TargetAttributes = {
					C8D21E4E25FBDD0B001E5CAA = {
						CreatedOnToolsVersion = 12.3;
					};
				};
			};
			buildConfigurationList = C8D21E4A25FBDD0B001E5CAA /* Build configuration list for PBXProject "PhotosApp" */;
			compatibilityVersion = "Xcode 9.3";
			developmentRegion = en;
			hasScannedForEncodings = 0;
			knownRegions = (
				en,
				Base,
			);
			mainGroup = C8D21E4625FBDD0B001E5CAA;
			productRefGroup = C8D21E5025FBDD0B001E5CAA /* Products */;
			projectDirPath = "";
			projectRoot = "";
			targets = (
				C8D21E4E25FBDD0B001E5CAA /* PhotosApp */,
			);
		};
/* End PBXProject section */

/* Begin PBXResourcesBuildPhase section */
		C8D21E4D25FBDD0B001E5CAA /* Resources */ = {
			isa = PBXResourcesBuildPhase;
			buildActionMask = 2147483647;
			files = (
				C8D21E5F25FBDD0F001E5CAA /* LaunchScreen.storyboard in Resources */,
				C8D21E6825FBE323001E5CAA /* GoogleService-Info.plist in Resources */,
				C8D21E5C25FBDD0F001E5CAA /* Assets.xcassets in Resources */,
				C8D21E5A25FBDD0B001E5CAA /* Main.storyboard in Resources */,
			);
			runOnlyForDeploymentPostprocessing = 0;
		};
/* End PBXResourcesBuildPhase section */

/* Begin PBXShellScriptBuildPhase section */
		20B9E6E349A80588FD1906CA /* [CP] Embed Pods Frameworks */ = {
			isa = PBXShellScriptBuildPhase;
			buildActionMask = 2147483647;
			files = (
			);
			inputFileListPaths = (
				"${PODS_ROOT}/Target Support Files/Pods-PhotosApp/Pods-PhotosApp-frameworks-${CONFIGURATION}-input-files.xcfilelist",
			);
			name = "[CP] Embed Pods Frameworks";
			outputFileListPaths = (
				"${PODS_ROOT}/Target Support Files/Pods-PhotosApp/Pods-PhotosApp-frameworks-${CONFIGURATION}-output-files.xcfilelist",
			);
			runOnlyForDeploymentPostprocessing = 0;
			shellPath = /bin/sh;
			shellScript = "\"${PODS_ROOT}/Target Support Files/Pods-PhotosApp/Pods-PhotosApp-frameworks.sh\"\n";
			showEnvVarsInLog = 0;
		};
		41F4E8CD8F835BC02192F570 /* [CP] Check Pods Manifest.lock */ = {
			isa = PBXShellScriptBuildPhase;
			buildActionMask = 2147483647;
			files = (
			);
			inputFileListPaths = (
			);
			inputPaths = (
				"${PODS_PODFILE_DIR_PATH}/Podfile.lock",
				"${PODS_ROOT}/Manifest.lock",
			);
			name = "[CP] Check Pods Manifest.lock";
			outputFileListPaths = (
			);
			outputPaths = (
				"$(DERIVED_FILE_DIR)/Pods-PhotosApp-checkManifestLockResult.txt",
			);
			runOnlyForDeploymentPostprocessing = 0;
			shellPath = /bin/sh;
			shellScript = "diff \"${PODS_PODFILE_DIR_PATH}/Podfile.lock\" \"${PODS_ROOT}/Manifest.lock\" > /dev/null\nif [ $? != 0 ] ; then\n    # print error to STDERR\n    echo \"error: The sandbox is not in sync with the Podfile.lock. Run 'pod install' or update your CocoaPods installation.\" >&2\n    exit 1\nfi\n# This output is used by Xcode 'outputs' to avoid re-running this script phase.\necho \"SUCCESS\" > \"${SCRIPT_OUTPUT_FILE_0}\"\n";
			showEnvVarsInLog = 0;
		};
		F96E2C015D26DC1ECDE37403 /* [CP] Copy Pods Resources */ = {
			isa = PBXShellScriptBuildPhase;
			buildActionMask = 2147483647;
			files = (
			);
			inputFileListPaths = (
				"${PODS_ROOT}/Target Support Files/Pods-PhotosApp/Pods-PhotosApp-resources-${CONFIGURATION}-input-files.xcfilelist",
			);
			name = "[CP] Copy Pods Resources";
			outputFileListPaths = (
				"${PODS_ROOT}/Target Support Files/Pods-PhotosApp/Pods-PhotosApp-resources-${CONFIGURATION}-output-files.xcfilelist",
			);
			runOnlyForDeploymentPostprocessing = 0;
			shellPath = /bin/sh;
			shellScript = "\"${PODS_ROOT}/Target Support Files/Pods-PhotosApp/Pods-PhotosApp-resources.sh\"\n";
			showEnvVarsInLog = 0;
		};
/* End PBXShellScriptBuildPhase section */

/* Begin PBXSourcesBuildPhase section */
		C8D21E4B25FBDD0B001E5CAA /* Sources */ = {
			isa = PBXSourcesBuildPhase;
			buildActionMask = 2147483647;
			files = (
				C8A0412325FBF32200E63D71 /* CreateProfileViewController.swift in Sources */,
				C8A0411E25FBED6300E63D71 /* LoginViewController.swift in Sources */,
				C8A0413225FC416F00E63D71 /* UserService.swift in Sources */,
				C8A0412C25FBFB2D00E63D71 /* SettingsViewController.swift in Sources */,
				C8A0412F25FC413800E63D71 /* PhotoUser.swift in Sources */,
				C8A0413525FC47E500E63D71 /* Constants.swift in Sources */,
				C8A0412625FBF93B00E63D71 /* FeedViewController.swift in Sources */,
				C8D21E5325FBDD0B001E5CAA /* AppDelegate.swift in Sources */,
				C8D21E5525FBDD0B001E5CAA /* SceneDelegate.swift in Sources */,
				C8A0412925FBFB0400E63D71 /* CameraViewController.swift in Sources */,
				C84A9B5F25FE6C43000E170E /* LocalStorageService.swift in Sources */,
			);
			runOnlyForDeploymentPostprocessing = 0;
		};
/* End PBXSourcesBuildPhase section */

/* Begin PBXVariantGroup section */
		C8D21E5825FBDD0B001E5CAA /* Main.storyboard */ = {
			isa = PBXVariantGroup;
			children = (
				C8D21E5925FBDD0B001E5CAA /* Base */,
			);
			name = Main.storyboard;
			sourceTree = "<group>";
		};
		C8D21E5D25FBDD0F001E5CAA /* LaunchScreen.storyboard */ = {
			isa = PBXVariantGroup;
			children = (
				C8D21E5E25FBDD0F001E5CAA /* Base */,
			);
			name = LaunchScreen.storyboard;
			sourceTree = "<group>";
		};
/* End PBXVariantGroup section */

/* Begin XCBuildConfiguration section */
		C8D21E6125FBDD0F001E5CAA /* Debug */ = {
			isa = XCBuildConfiguration;
			buildSettings = {
				ALWAYS_SEARCH_USER_PATHS = NO;
				CLANG_ANALYZER_NONNULL = YES;
				CLANG_ANALYZER_NUMBER_OBJECT_CONVERSION = YES_AGGRESSIVE;
				CLANG_CXX_LANGUAGE_STANDARD = "gnu++14";
				CLANG_CXX_LIBRARY = "libc++";
				CLANG_ENABLE_MODULES = YES;
				CLANG_ENABLE_OBJC_ARC = YES;
				CLANG_ENABLE_OBJC_WEAK = YES;
				CLANG_WARN_BLOCK_CAPTURE_AUTORELEASING = YES;
				CLANG_WARN_BOOL_CONVERSION = YES;
				CLANG_WARN_COMMA = YES;
				CLANG_WARN_CONSTANT_CONVERSION = YES;
				CLANG_WARN_DEPRECATED_OBJC_IMPLEMENTATIONS = YES;
				CLANG_WARN_DIRECT_OBJC_ISA_USAGE = YES_ERROR;
				CLANG_WARN_DOCUMENTATION_COMMENTS = YES;
				CLANG_WARN_EMPTY_BODY = YES;
				CLANG_WARN_ENUM_CONVERSION = YES;
				CLANG_WARN_INFINITE_RECURSION = YES;
				CLANG_WARN_INT_CONVERSION = YES;
				CLANG_WARN_NON_LITERAL_NULL_CONVERSION = YES;
				CLANG_WARN_OBJC_IMPLICIT_RETAIN_SELF = YES;
				CLANG_WARN_OBJC_LITERAL_CONVERSION = YES;
				CLANG_WARN_OBJC_ROOT_CLASS = YES_ERROR;
				CLANG_WARN_QUOTED_INCLUDE_IN_FRAMEWORK_HEADER = YES;
				CLANG_WARN_RANGE_LOOP_ANALYSIS = YES;
				CLANG_WARN_STRICT_PROTOTYPES = YES;
				CLANG_WARN_SUSPICIOUS_MOVE = YES;
				CLANG_WARN_UNGUARDED_AVAILABILITY = YES_AGGRESSIVE;
				CLANG_WARN_UNREACHABLE_CODE = YES;
				CLANG_WARN__DUPLICATE_METHOD_MATCH = YES;
				COPY_PHASE_STRIP = NO;
				DEBUG_INFORMATION_FORMAT = dwarf;
				ENABLE_STRICT_OBJC_MSGSEND = YES;
				ENABLE_TESTABILITY = YES;
				GCC_C_LANGUAGE_STANDARD = gnu11;
				GCC_DYNAMIC_NO_PIC = NO;
				GCC_NO_COMMON_BLOCKS = YES;
				GCC_OPTIMIZATION_LEVEL = 0;
				GCC_PREPROCESSOR_DEFINITIONS = (
					"DEBUG=1",
					"$(inherited)",
				);
				GCC_WARN_64_TO_32_BIT_CONVERSION = YES;
				GCC_WARN_ABOUT_RETURN_TYPE = YES_ERROR;
				GCC_WARN_UNDECLARED_SELECTOR = YES;
				GCC_WARN_UNINITIALIZED_AUTOS = YES_AGGRESSIVE;
				GCC_WARN_UNUSED_FUNCTION = YES;
				GCC_WARN_UNUSED_VARIABLE = YES;
				IPHONEOS_DEPLOYMENT_TARGET = 14.3;
				MTL_ENABLE_DEBUG_INFO = INCLUDE_SOURCE;
				MTL_FAST_MATH = YES;
				ONLY_ACTIVE_ARCH = YES;
				SDKROOT = iphoneos;
				SWIFT_ACTIVE_COMPILATION_CONDITIONS = DEBUG;
				SWIFT_OPTIMIZATION_LEVEL = "-Onone";
			};
			name = Debug;
		};
		C8D21E6225FBDD0F001E5CAA /* Release */ = {
			isa = XCBuildConfiguration;
			buildSettings = {
				ALWAYS_SEARCH_USER_PATHS = NO;
				CLANG_ANALYZER_NONNULL = YES;
				CLANG_ANALYZER_NUMBER_OBJECT_CONVERSION = YES_AGGRESSIVE;
				CLANG_CXX_LANGUAGE_STANDARD = "gnu++14";
				CLANG_CXX_LIBRARY = "libc++";
				CLANG_ENABLE_MODULES = YES;
				CLANG_ENABLE_OBJC_ARC = YES;
				CLANG_ENABLE_OBJC_WEAK = YES;
				CLANG_WARN_BLOCK_CAPTURE_AUTORELEASING = YES;
				CLANG_WARN_BOOL_CONVERSION = YES;
				CLANG_WARN_COMMA = YES;
				CLANG_WARN_CONSTANT_CONVERSION = YES;
				CLANG_WARN_DEPRECATED_OBJC_IMPLEMENTATIONS = YES;
				CLANG_WARN_DIRECT_OBJC_ISA_USAGE = YES_ERROR;
				CLANG_WARN_DOCUMENTATION_COMMENTS = YES;
				CLANG_WARN_EMPTY_BODY = YES;
				CLANG_WARN_ENUM_CONVERSION = YES;
				CLANG_WARN_INFINITE_RECURSION = YES;
				CLANG_WARN_INT_CONVERSION = YES;
				CLANG_WARN_NON_LITERAL_NULL_CONVERSION = YES;
				CLANG_WARN_OBJC_IMPLICIT_RETAIN_SELF = YES;
				CLANG_WARN_OBJC_LITERAL_CONVERSION = YES;
				CLANG_WARN_OBJC_ROOT_CLASS = YES_ERROR;
				CLANG_WARN_QUOTED_INCLUDE_IN_FRAMEWORK_HEADER = YES;
				CLANG_WARN_RANGE_LOOP_ANALYSIS = YES;
				CLANG_WARN_STRICT_PROTOTYPES = YES;
				CLANG_WARN_SUSPICIOUS_MOVE = YES;
				CLANG_WARN_UNGUARDED_AVAILABILITY = YES_AGGRESSIVE;
				CLANG_WARN_UNREACHABLE_CODE = YES;
				CLANG_WARN__DUPLICATE_METHOD_MATCH = YES;
				COPY_PHASE_STRIP = NO;
				DEBUG_INFORMATION_FORMAT = "dwarf-with-dsym";
				ENABLE_NS_ASSERTIONS = NO;
				ENABLE_STRICT_OBJC_MSGSEND = YES;
				GCC_C_LANGUAGE_STANDARD = gnu11;
				GCC_NO_COMMON_BLOCKS = YES;
				GCC_WARN_64_TO_32_BIT_CONVERSION = YES;
				GCC_WARN_ABOUT_RETURN_TYPE = YES_ERROR;
				GCC_WARN_UNDECLARED_SELECTOR = YES;
				GCC_WARN_UNINITIALIZED_AUTOS = YES_AGGRESSIVE;
				GCC_WARN_UNUSED_FUNCTION = YES;
				GCC_WARN_UNUSED_VARIABLE = YES;
				IPHONEOS_DEPLOYMENT_TARGET = 14.3;
				MTL_ENABLE_DEBUG_INFO = NO;
				MTL_FAST_MATH = YES;
				SDKROOT = iphoneos;
				SWIFT_COMPILATION_MODE = wholemodule;
				SWIFT_OPTIMIZATION_LEVEL = "-O";
				VALIDATE_PRODUCT = YES;
			};
			name = Release;
		};
		C8D21E6425FBDD0F001E5CAA /* Debug */ = {
			isa = XCBuildConfiguration;
			baseConfigurationReference = 10A3BFB502DAD62D2A7FEC31 /* Pods-PhotosApp.debug.xcconfig */;
			buildSettings = {
				ASSETCATALOG_COMPILER_APPICON_NAME = AppIcon;
				ASSETCATALOG_COMPILER_GLOBAL_ACCENT_COLOR_NAME = AccentColor;
				CODE_SIGN_STYLE = Automatic;
				INFOPLIST_FILE = PhotosApp/Info.plist;
				LD_RUNPATH_SEARCH_PATHS = (
					"$(inherited)",
					"@executable_path/Frameworks",
				);
				PRODUCT_BUNDLE_IDENTIFIER = com.KyleJSh.PhotosApp;
				PRODUCT_NAME = "$(TARGET_NAME)";
				SWIFT_VERSION = 5.0;
				TARGETED_DEVICE_FAMILY = "1,2";
			};
			name = Debug;
		};
		C8D21E6525FBDD0F001E5CAA /* Release */ = {
			isa = XCBuildConfiguration;
			baseConfigurationReference = C835568579C7B56CCEAE7126 /* Pods-PhotosApp.release.xcconfig */;
			buildSettings = {
				ASSETCATALOG_COMPILER_APPICON_NAME = AppIcon;
				ASSETCATALOG_COMPILER_GLOBAL_ACCENT_COLOR_NAME = AccentColor;
				CODE_SIGN_STYLE = Automatic;
				INFOPLIST_FILE = PhotosApp/Info.plist;
				LD_RUNPATH_SEARCH_PATHS = (
					"$(inherited)",
					"@executable_path/Frameworks",
				);
				PRODUCT_BUNDLE_IDENTIFIER = com.KyleJSh.PhotosApp;
				PRODUCT_NAME = "$(TARGET_NAME)";
				SWIFT_VERSION = 5.0;
				TARGETED_DEVICE_FAMILY = "1,2";
			};
			name = Release;
		};
/* End XCBuildConfiguration section */

/* Begin XCConfigurationList section */
		C8D21E4A25FBDD0B001E5CAA /* Build configuration list for PBXProject "PhotosApp" */ = {
			isa = XCConfigurationList;
			buildConfigurations = (
				C8D21E6125FBDD0F001E5CAA /* Debug */,
				C8D21E6225FBDD0F001E5CAA /* Release */,
			);
			defaultConfigurationIsVisible = 0;
			defaultConfigurationName = Release;
		};
		C8D21E6325FBDD0F001E5CAA /* Build configuration list for PBXNativeTarget "PhotosApp" */ = {
			isa = XCConfigurationList;
			buildConfigurations = (
				C8D21E6425FBDD0F001E5CAA /* Debug */,
				C8D21E6525FBDD0F001E5CAA /* Release */,
			);
			defaultConfigurationIsVisible = 0;
			defaultConfigurationName = Release;
		};
/* End XCConfigurationList section */
	};
	rootObject = C8D21E4725FBDD0B001E5CAA /* Project object */;
}
